// !$*UTF8*$!
{
	archiveVersion = 1;
	classes = {
	};
	objectVersion = 77;
	objects = {

/* Begin PBXBuildFile section */
		CE17FF4F2F342290002C455D /* Amplify in Frameworks */ = {isa = PBXBuildFile; productRef = CECD9F0B2F2C100000D29722 /* Amplify */; };
		CE17FF502F342290002C455D /* AWSCognitoAuthPlugin in Frameworks */ = {isa = PBXBuildFile; productRef = CECD9F0C2F2C100000D29722 /* AWSCognitoAuthPlugin */; };
		CE3A91012F3E0001006169CA /* GoogleSignIn in Frameworks */ = {isa = PBXBuildFile; productRef = CE3A91002F3E0001006169CA /* GoogleSignIn */; };
		CEC577252F38D23E006169CA /* Swinject in Frameworks */ = {isa = PBXBuildFile; productRef = CEC577242F38D23E006169CA /* Swinject */; };
/* End PBXBuildFile section */

/* Begin PBXContainerItemProxy section */
		CECD9FED2F2C0DFD00D29722 /* PBXContainerItemProxy */ = {
			isa = PBXContainerItemProxy;
			containerPortal = CECD9FD72F2C0DFC00D29722 /* Project object */;
			proxyType = 1;
			remoteGlobalIDString = CECD9FDE2F2C0DFC00D29722;
			remoteInfo = AWSCognito;
		};
		CECD9FF72F2C0DFD00D29722 /* PBXContainerItemProxy */ = {
			isa = PBXContainerItemProxy;
			containerPortal = CECD9FD72F2C0DFC00D29722 /* Project object */;
			proxyType = 1;
			remoteGlobalIDString = CECD9FDE2F2C0DFC00D29722;
			remoteInfo = AWSCognito;
		};
/* End PBXContainerItemProxy section */

/* Begin PBXFileReference section */
		CECD9FDF2F2C0DFC00D29722 /* AWSCognito.app */ = {isa = PBXFileReference; explicitFileType = wrapper.application; includeInIndex = 0; path = AWSCognito.app; sourceTree = BUILT_PRODUCTS_DIR; };
		CECD9FEC2F2C0DFD00D29722 /* AWSCognitoTests.xctest */ = {isa = PBXFileReference; explicitFileType = wrapper.cfbundle; includeInIndex = 0; path = AWSCognitoTests.xctest; sourceTree = BUILT_PRODUCTS_DIR; };
		CECD9FF62F2C0DFD00D29722 /* AWSCognitoUITests.xctest */ = {isa = PBXFileReference; explicitFileType = wrapper.cfbundle; includeInIndex = 0; path = AWSCognitoUITests.xctest; sourceTree = BUILT_PRODUCTS_DIR; };
/* End PBXFileReference section */

/* Begin PBXFileSystemSynchronizedRootGroup section */
		CECD9FE12F2C0DFC00D29722 /* AWSCognito */ = {
			isa = PBXFileSystemSynchronizedRootGroup;
			path = AWSCognito;
			sourceTree = "<group>";
		};
		CECD9FEF2F2C0DFD00D29722 /* AWSCognitoTests */ = {
			isa = PBXFileSystemSynchronizedRootGroup;
			path = AWSCognitoTests;
			sourceTree = "<group>";
		};
		CECD9FF92F2C0DFD00D29722 /* AWSCognitoUITests */ = {
			isa = PBXFileSystemSynchronizedRootGroup;
			path = AWSCognitoUITests;
			sourceTree = "<group>";
		};
/* End PBXFileSystemSynchronizedRootGroup section */

/* Begin PBXFrameworksBuildPhase section */
		CECD9FDC2F2C0DFC00D29722 /* Frameworks */ = {
			isa = PBXFrameworksBuildPhase;
			buildActionMask = 2147483647;
			files = (
				CE17FF502F342290002C455D /* AWSCognitoAuthPlugin in Frameworks */,
				CE17FF4F2F342290002C455D /* Amplify in Frameworks */,
				CEC577252F38D23E006169CA /* Swinject in Frameworks */,
				CE3A91012F3E0001006169CA /* GoogleSignIn in Frameworks */,
			);
			runOnlyForDeploymentPostprocessing = 0;
		};
		CECD9FE92F2C0DFD00D29722 /* Frameworks */ = {
			isa = PBXFrameworksBuildPhase;
			buildActionMask = 2147483647;
			files = (
			);
			runOnlyForDeploymentPostprocessing = 0;
		};
		CECD9FF32F2C0DFD00D29722 /* Frameworks */ = {
			isa = PBXFrameworksBuildPhase;
			buildActionMask = 2147483647;
			files = (
			);
			runOnlyForDeploymentPostprocessing = 0;
		};
/* End PBXFrameworksBuildPhase section */

/* Begin PBXGroup section */
		CECD9FD62F2C0DFC00D29722 = {
			isa = PBXGroup;
			children = (
				CECD9FE12F2C0DFC00D29722 /* AWSCognito */,
				CECD9FEF2F2C0DFD00D29722 /* AWSCognitoTests */,
				CECD9FF92F2C0DFD00D29722 /* AWSCognitoUITests */,
				CECD9FE02F2C0DFC00D29722 /* Products */,
			);
			sourceTree = "<group>";
		};
		CECD9FE02F2C0DFC00D29722 /* Products */ = {
			isa = PBXGroup;
			children = (
				CECD9FDF2F2C0DFC00D29722 /* AWSCognito.app */,
				CECD9FEC2F2C0DFD00D29722 /* AWSCognitoTests.xctest */,
				CECD9FF62F2C0DFD00D29722 /* AWSCognitoUITests.xctest */,
			);
			name = Products;
			sourceTree = "<group>";
		};
/* End PBXGroup section */

/* Begin PBXNativeTarget section */
		CECD9FDE2F2C0DFC00D29722 /* AWSCognito */ = {
			isa = PBXNativeTarget;
			buildConfigurationList = CECDA0002F2C0DFD00D29722 /* Build configuration list for PBXNativeTarget "AWSCognito" */;
			buildPhases = (
				CECD9FDB2F2C0DFC00D29722 /* Sources */,
				CECD9FDC2F2C0DFC00D29722 /* Frameworks */,
				CECD9FDD2F2C0DFC00D29722 /* Resources */,
			);
			buildRules = (
			);
			dependencies = (
			);
			fileSystemSynchronizedGroups = (
				CECD9FE12F2C0DFC00D29722 /* AWSCognito */,
			);
			name = AWSCognito;
			packageProductDependencies = (
				CECD9F0B2F2C100000D29722 /* Amplify */,
				CECD9F0C2F2C100000D29722 /* AWSCognitoAuthPlugin */,
				CEC577242F38D23E006169CA /* Swinject */,
				CE3A91002F3E0001006169CA /* GoogleSignIn */,
			);
			productName = AWSCognito;
			productReference = CECD9FDF2F2C0DFC00D29722 /* AWSCognito.app */;
			productType = "com.apple.product-type.application";
		};
		CECD9FEB2F2C0DFD00D29722 /* AWSCognitoTests */ = {
			isa = PBXNativeTarget;
			buildConfigurationList = CECDA0032F2C0DFD00D29722 /* Build configuration list for PBXNativeTarget "AWSCognitoTests" */;
			buildPhases = (
				CECD9FE82F2C0DFD00D29722 /* Sources */,
				CECD9FE92F2C0DFD00D29722 /* Frameworks */,
				CECD9FEA2F2C0DFD00D29722 /* Resources */,
			);
			buildRules = (
			);
			dependencies = (
				CECD9FEE2F2C0DFD00D29722 /* PBXTargetDependency */,
			);
			fileSystemSynchronizedGroups = (
				CECD9FEF2F2C0DFD00D29722 /* AWSCognitoTests */,
			);
			name = AWSCognitoTests;
			packageProductDependencies = (
			);
			productName = AWSCognitoTests;
			productReference = CECD9FEC2F2C0DFD00D29722 /* AWSCognitoTests.xctest */;
			productType = "com.apple.product-type.bundle.unit-test";
		};
		CECD9FF52F2C0DFD00D29722 /* AWSCognitoUITests */ = {
			isa = PBXNativeTarget;
			buildConfigurationList = CECDA0062F2C0DFD00D29722 /* Build configuration list for PBXNativeTarget "AWSCognitoUITests" */;
			buildPhases = (
				CECD9FF22F2C0DFD00D29722 /* Sources */,
				CECD9FF32F2C0DFD00D29722 /* Frameworks */,
				CECD9FF42F2C0DFD00D29722 /* Resources */,
			);
			buildRules = (
			);
			dependencies = (
				CECD9FF82F2C0DFD00D29722 /* PBXTargetDependency */,
			);
			fileSystemSynchronizedGroups = (
				CECD9FF92F2C0DFD00D29722 /* AWSCognitoUITests */,
			);
			name = AWSCognitoUITests;
			packageProductDependencies = (
			);
			productName = AWSCognitoUITests;
			productReference = CECD9FF62F2C0DFD00D29722 /* AWSCognitoUITests.xctest */;
			productType = "com.apple.product-type.bundle.ui-testing";
		};
/* End PBXNativeTarget section */

/* Begin PBXProject section */
		CECD9FD72F2C0DFC00D29722 /* Project object */ = {
			isa = PBXProject;
			attributes = {
				BuildIndependentTargetsInParallel = 1;
				LastSwiftUpdateCheck = 2610;
				LastUpgradeCheck = 2610;
				TargetAttributes = {
					CECD9FDE2F2C0DFC00D29722 = {
						CreatedOnToolsVersion = 26.1.1;
					};
					CECD9FEB2F2C0DFD00D29722 = {
						CreatedOnToolsVersion = 26.1.1;
						TestTargetID = CECD9FDE2F2C0DFC00D29722;
					};
					CECD9FF52F2C0DFD00D29722 = {
						CreatedOnToolsVersion = 26.1.1;
						TestTargetID = CECD9FDE2F2C0DFC00D29722;
					};
				};
			};
			buildConfigurationList = CECD9FDA2F2C0DFC00D29722 /* Build configuration list for PBXProject "AWSCognito" */;
			developmentRegion = en;
			hasScannedForEncodings = 0;
			knownRegions = (
				en,
				Base,
			);
			mainGroup = CECD9FD62F2C0DFC00D29722;
			minimizedProjectReferenceProxies = 1;
			packageReferences = (
				CECD9F0A2F2C100000D29722 /* XCRemoteSwiftPackageReference "amplify-swift" */,
				CEC577232F38D23E006169CA /* XCRemoteSwiftPackageReference "Swinject" */,
				CE3A90FF2F3E0001006169CA /* XCRemoteSwiftPackageReference "GoogleSignIn-iOS" */,
			);
			preferredProjectObjectVersion = 77;
			productRefGroup = CECD9FE02F2C0DFC00D29722 /* Products */;
			projectDirPath = "";
			projectRoot = "";
			targets = (
				CECD9FDE2F2C0DFC00D29722 /* AWSCognito */,
				CECD9FEB2F2C0DFD00D29722 /* AWSCognitoTests */,
				CECD9FF52F2C0DFD00D29722 /* AWSCognitoUITests */,
			);
		};
/* End PBXProject section */

/* Begin PBXResourcesBuildPhase section */
		CECD9FDD2F2C0DFC00D29722 /* Resources */ = {
			isa = PBXResourcesBuildPhase;
			buildActionMask = 2147483647;
			files = (
			);
			runOnlyForDeploymentPostprocessing = 0;
		};
		CECD9FEA2F2C0DFD00D29722 /* Resources */ = {
			isa = PBXResourcesBuildPhase;
			buildActionMask = 2147483647;
			files = (
			);
			runOnlyForDeploymentPostprocessing = 0;
		};
		CECD9FF42F2C0DFD00D29722 /* Resources */ = {
			isa = PBXResourcesBuildPhase;
			buildActionMask = 2147483647;
			files = (
			);
			runOnlyForDeploymentPostprocessing = 0;
		};
/* End PBXResourcesBuildPhase section */

/* Begin PBXSourcesBuildPhase section */
		CECD9FDB2F2C0DFC00D29722 /* Sources */ = {
			isa = PBXSourcesBuildPhase;
			buildActionMask = 2147483647;
			files = (
			);
			runOnlyForDeploymentPostprocessing = 0;
		};
		CECD9FE82F2C0DFD00D29722 /* Sources */ = {
			isa = PBXSourcesBuildPhase;
			buildActionMask = 2147483647;
			files = (
			);
			runOnlyForDeploymentPostprocessing = 0;
		};
		CECD9FF22F2C0DFD00D29722 /* Sources */ = {
			isa = PBXSourcesBuildPhase;
			buildActionMask = 2147483647;
			files = (
			);
			runOnlyForDeploymentPostprocessing = 0;
		};
/* End PBXSourcesBuildPhase section */

/* Begin PBXTargetDependency section */
		CECD9FEE2F2C0DFD00D29722 /* PBXTargetDependency */ = {
			isa = PBXTargetDependency;
			target = CECD9FDE2F2C0DFC00D29722 /* AWSCognito */;
			targetProxy = CECD9FED2F2C0DFD00D29722 /* PBXContainerItemProxy */;
		};
		CECD9FF82F2C0DFD00D29722 /* PBXTargetDependency */ = {
			isa = PBXTargetDependency;
			target = CECD9FDE2F2C0DFC00D29722 /* AWSCognito */;
			targetProxy = CECD9FF72F2C0DFD00D29722 /* PBXContainerItemProxy */;
		};
/* End PBXTargetDependency section */

/* Begin XCBuildConfiguration section */
		CECD9FFE2F2C0DFD00D29722 /* Debug */ = {
			isa = XCBuildConfiguration;
			buildSettings = {
				ALWAYS_SEARCH_USER_PATHS = NO;
				ASSETCATALOG_COMPILER_GENERATE_SWIFT_ASSET_SYMBOL_EXTENSIONS = YES;
				CLANG_ANALYZER_NONNULL = YES;
				CLANG_ANALYZER_NUMBER_OBJECT_CONVERSION = YES_AGGRESSIVE;
				CLANG_CXX_LANGUAGE_STANDARD = "gnu++20";
				CLANG_ENABLE_MODULES = YES;
				CLANG_ENABLE_OBJC_ARC = YES;
				CLANG_ENABLE_OBJC_WEAK = YES;
				CLANG_WARN_BLOCK_CAPTURE_AUTORELEASING = YES;
				CLANG_WARN_BOOL_CONVERSION = YES;
				CLANG_WARN_COMMA = YES;
				CLANG_WARN_CONSTANT_CONVERSION = YES;
				CLANG_WARN_DEPRECATED_OBJC_IMPLEMENTATIONS = YES;
				CLANG_WARN_DIRECT_OBJC_ISA_USAGE = YES_ERROR;
				CLANG_WARN_DOCUMENTATION_COMMENTS = YES;
				CLANG_WARN_EMPTY_BODY = YES;
				CLANG_WARN_ENUM_CONVERSION = YES;
				CLANG_WARN_INFINITE_RECURSION = YES;
				CLANG_WARN_INT_CONVERSION = YES;
				CLANG_WARN_NON_LITERAL_NULL_CONVERSION = YES;
				CLANG_WARN_OBJC_IMPLICIT_RETAIN_SELF = YES;
				CLANG_WARN_OBJC_LITERAL_CONVERSION = YES;
				CLANG_WARN_OBJC_ROOT_CLASS = YES_ERROR;
				CLANG_WARN_QUOTED_INCLUDE_IN_FRAMEWORK_HEADER = YES;
				CLANG_WARN_RANGE_LOOP_ANALYSIS = YES;
				CLANG_WARN_STRICT_PROTOTYPES = YES;
				CLANG_WARN_SUSPICIOUS_MOVE = YES;
				CLANG_WARN_UNGUARDED_AVAILABILITY = YES_AGGRESSIVE;
				CLANG_WARN_UNREACHABLE_CODE = YES;
				CLANG_WARN__DUPLICATE_METHOD_MATCH = YES;
				COPY_PHASE_STRIP = NO;
				DEBUG_INFORMATION_FORMAT = dwarf;
				DEVELOPMENT_TEAM = 29JU3556U2;
				ENABLE_STRICT_OBJC_MSGSEND = YES;
				ENABLE_TESTABILITY = YES;
				ENABLE_USER_SCRIPT_SANDBOXING = YES;
				GCC_C_LANGUAGE_STANDARD = gnu17;
				GCC_DYNAMIC_NO_PIC = NO;
				GCC_NO_COMMON_BLOCKS = YES;
				GCC_OPTIMIZATION_LEVEL = 0;
				GCC_PREPROCESSOR_DEFINITIONS = (
					"DEBUG=1",
					"$(inherited)",
				);
				GCC_WARN_64_TO_32_BIT_CONVERSION = YES;
				GCC_WARN_ABOUT_RETURN_TYPE = YES_ERROR;
				GCC_WARN_UNDECLARED_SELECTOR = YES;
				GCC_WARN_UNINITIALIZED_AUTOS = YES_AGGRESSIVE;
				GCC_WARN_UNUSED_FUNCTION = YES;
				GCC_WARN_UNUSED_VARIABLE = YES;
				LOCALIZATION_PREFERS_STRING_CATALOGS = YES;
				MTL_ENABLE_DEBUG_INFO = INCLUDE_SOURCE;
				MTL_FAST_MATH = YES;
				ONLY_ACTIVE_ARCH = YES;
				SWIFT_ACTIVE_COMPILATION_CONDITIONS = "DEBUG $(inherited)";
				SWIFT_OPTIMIZATION_LEVEL = "-Onone";
			};
			name = Debug;
		};
		CECD9FFF2F2C0DFD00D29722 /* Release */ = {
			isa = XCBuildConfiguration;
			buildSettings = {
				ALWAYS_SEARCH_USER_PATHS = NO;
				ASSETCATALOG_COMPILER_GENERATE_SWIFT_ASSET_SYMBOL_EXTENSIONS = YES;
				CLANG_ANALYZER_NONNULL = YES;
				CLANG_ANALYZER_NUMBER_OBJECT_CONVERSION = YES_AGGRESSIVE;
				CLANG_CXX_LANGUAGE_STANDARD = "gnu++20";
				CLANG_ENABLE_MODULES = YES;
				CLANG_ENABLE_OBJC_ARC = YES;
				CLANG_ENABLE_OBJC_WEAK = YES;
				CLANG_WARN_BLOCK_CAPTURE_AUTORELEASING = YES;
				CLANG_WARN_BOOL_CONVERSION = YES;
				CLANG_WARN_COMMA = YES;
				CLANG_WARN_CONSTANT_CONVERSION = YES;
				CLANG_WARN_DEPRECATED_OBJC_IMPLEMENTATIONS = YES;
				CLANG_WARN_DIRECT_OBJC_ISA_USAGE = YES_ERROR;
				CLANG_WARN_DOCUMENTATION_COMMENTS = YES;
				CLANG_WARN_EMPTY_BODY = YES;
				CLANG_WARN_ENUM_CONVERSION = YES;
				CLANG_WARN_INFINITE_RECURSION = YES;
				CLANG_WARN_INT_CONVERSION = YES;
				CLANG_WARN_NON_LITERAL_NULL_CONVERSION = YES;
				CLANG_WARN_OBJC_IMPLICIT_RETAIN_SELF = YES;
				CLANG_WARN_OBJC_LITERAL_CONVERSION = YES;
				CLANG_WARN_OBJC_ROOT_CLASS = YES_ERROR;
				CLANG_WARN_QUOTED_INCLUDE_IN_FRAMEWORK_HEADER = YES;
				CLANG_WARN_RANGE_LOOP_ANALYSIS = YES;
				CLANG_WARN_STRICT_PROTOTYPES = YES;
				CLANG_WARN_SUSPICIOUS_MOVE = YES;
				CLANG_WARN_UNGUARDED_AVAILABILITY = YES_AGGRESSIVE;
				CLANG_WARN_UNREACHABLE_CODE = YES;
				CLANG_WARN__DUPLICATE_METHOD_MATCH = YES;
				COPY_PHASE_STRIP = NO;
				DEBUG_INFORMATION_FORMAT = "dwarf-with-dsym";
				DEVELOPMENT_TEAM = 29JU3556U2;
				ENABLE_NS_ASSERTIONS = NO;
				ENABLE_STRICT_OBJC_MSGSEND = YES;
				ENABLE_USER_SCRIPT_SANDBOXING = YES;
				GCC_C_LANGUAGE_STANDARD = gnu17;
				GCC_NO_COMMON_BLOCKS = YES;
				GCC_WARN_64_TO_32_BIT_CONVERSION = YES;
				GCC_WARN_ABOUT_RETURN_TYPE = YES_ERROR;
				GCC_WARN_UNDECLARED_SELECTOR = YES;
				GCC_WARN_UNINITIALIZED_AUTOS = YES_AGGRESSIVE;
				GCC_WARN_UNUSED_FUNCTION = YES;
				GCC_WARN_UNUSED_VARIABLE = YES;
				LOCALIZATION_PREFERS_STRING_CATALOGS = YES;
				MTL_ENABLE_DEBUG_INFO = NO;
				MTL_FAST_MATH = YES;
				SWIFT_COMPILATION_MODE = wholemodule;
			};
			name = Release;
		};
		CECDA0012F2C0DFD00D29722 /* Debug */ = {
			isa = XCBuildConfiguration;
			buildSettings = {
				ASSETCATALOG_COMPILER_APPICON_NAME = AppIcon;
				ASSETCATALOG_COMPILER_GLOBAL_ACCENT_COLOR_NAME = AccentColor;
				CODE_SIGN_ENTITLEMENTS = AWSCognito/AWSCognito.entitlements;
				CODE_SIGN_STYLE = Automatic;
				CURRENT_PROJECT_VERSION = 1;
				DEVELOPMENT_TEAM = 29JU3556U2;
				ENABLE_APP_SANDBOX = YES;
				ENABLE_HARDENED_RUNTIME = YES;
				ENABLE_PREVIEWS = YES;
				ENABLE_USER_SELECTED_FILES = readonly;
				GENERATE_INFOPLIST_FILE = YES;
				INFOPLIST_FILE = Info.plist;
				"INFOPLIST_KEY_UIApplicationSceneManifest_Generation[sdk=iphoneos*]" = YES;
				"INFOPLIST_KEY_UIApplicationSceneManifest_Generation[sdk=iphonesimulator*]" = YES;
				"INFOPLIST_KEY_UIApplicationSupportsIndirectInputEvents[sdk=iphoneos*]" = YES;
				"INFOPLIST_KEY_UIApplicationSupportsIndirectInputEvents[sdk=iphonesimulator*]" = YES;
				"INFOPLIST_KEY_UILaunchScreen_Generation[sdk=iphoneos*]" = YES;
				"INFOPLIST_KEY_UILaunchScreen_Generation[sdk=iphonesimulator*]" = YES;
				"INFOPLIST_KEY_UIStatusBarStyle[sdk=iphoneos*]" = UIStatusBarStyleDefault;
				"INFOPLIST_KEY_UIStatusBarStyle[sdk=iphonesimulator*]" = UIStatusBarStyleDefault;
				INFOPLIST_KEY_UISupportedInterfaceOrientations_iPad = "UIInterfaceOrientationPortrait UIInterfaceOrientationPortraitUpsideDown UIInterfaceOrientationLandscapeLeft UIInterfaceOrientationLandscapeRight";
				INFOPLIST_KEY_UISupportedInterfaceOrientations_iPhone = "UIInterfaceOrientationPortrait UIInterfaceOrientationLandscapeLeft UIInterfaceOrientationLandscapeRight";
				IPHONEOS_DEPLOYMENT_TARGET = 17.0;
				LD_RUNPATH_SEARCH_PATHS = "@executable_path/Frameworks";
				"LD_RUNPATH_SEARCH_PATHS[sdk=macosx*]" = "@executable_path/../Frameworks";
				MACOSX_DEPLOYMENT_TARGET = 13.0;
				MARKETING_VERSION = 1.0;
				PRODUCT_BUNDLE_IDENTIFIER = com.ap.AWSCognito;
				PRODUCT_NAME = "$(TARGET_NAME)";
				REGISTER_APP_GROUPS = YES;
				SDKROOT = auto;
				STRING_CATALOG_GENERATE_SYMBOLS = YES;
				SUPPORTED_PLATFORMS = "iphoneos iphonesimulator";
				SWIFT_APPROACHABLE_CONCURRENCY = YES;
				SWIFT_DEFAULT_ACTOR_ISOLATION = MainActor;
				SWIFT_EMIT_LOC_STRINGS = YES;
				SWIFT_UPCOMING_FEATURE_MEMBER_IMPORT_VISIBILITY = YES;
				SWIFT_VERSION = 5.0;
				TARGETED_DEVICE_FAMILY = "1,2";
				XROS_DEPLOYMENT_TARGET = 1.0;
			};
			name = Debug;
		};
		CECDA0022F2C0DFD00D29722 /* Release */ = {
			isa = XCBuildConfiguration;
			buildSettings = {
				ASSETCATALOG_COMPILER_APPICON_NAME = AppIcon;
				ASSETCATALOG_COMPILER_GLOBAL_ACCENT_COLOR_NAME = AccentColor;
				CODE_SIGN_ENTITLEMENTS = AWSCognito/AWSCognito.entitlements;
				CODE_SIGN_STYLE = Automatic;
				CURRENT_PROJECT_VERSION = 1;
				DEVELOPMENT_TEAM = 29JU3556U2;
				ENABLE_APP_SANDBOX = YES;
				ENABLE_HARDENED_RUNTIME = YES;
				ENABLE_PREVIEWS = YES;
				ENABLE_USER_SELECTED_FILES = readonly;
				GENERATE_INFOPLIST_FILE = YES;
				INFOPLIST_FILE = Info.plist;
				"INFOPLIST_KEY_UIApplicationSceneManifest_Generation[sdk=iphoneos*]" = YES;
				"INFOPLIST_KEY_UIApplicationSceneManifest_Generation[sdk=iphonesimulator*]" = YES;
				"INFOPLIST_KEY_UIApplicationSupportsIndirectInputEvents[sdk=iphoneos*]" = YES;
				"INFOPLIST_KEY_UIApplicationSupportsIndirectInputEvents[sdk=iphonesimulator*]" = YES;
				"INFOPLIST_KEY_UILaunchScreen_Generation[sdk=iphoneos*]" = YES;
				"INFOPLIST_KEY_UILaunchScreen_Generation[sdk=iphonesimulator*]" = YES;
				"INFOPLIST_KEY_UIStatusBarStyle[sdk=iphoneos*]" = UIStatusBarStyleDefault;
				"INFOPLIST_KEY_UIStatusBarStyle[sdk=iphonesimulator*]" = UIStatusBarStyleDefault;
				INFOPLIST_KEY_UISupportedInterfaceOrientations_iPad = "UIInterfaceOrientationPortrait UIInterfaceOrientationPortraitUpsideDown UIInterfaceOrientationLandscapeLeft UIInterfaceOrientationLandscapeRight";
				INFOPLIST_KEY_UISupportedInterfaceOrientations_iPhone = "UIInterfaceOrientationPortrait UIInterfaceOrientationLandscapeLeft UIInterfaceOrientationLandscapeRight";
				IPHONEOS_DEPLOYMENT_TARGET = 17.0;
				LD_RUNPATH_SEARCH_PATHS = "@executable_path/Frameworks";
				"LD_RUNPATH_SEARCH_PATHS[sdk=macosx*]" = "@executable_path/../Frameworks";
				MACOSX_DEPLOYMENT_TARGET = 13.0;
				MARKETING_VERSION = 1.0;
				PRODUCT_BUNDLE_IDENTIFIER = com.ap.AWSCognito;
				PRODUCT_NAME = "$(TARGET_NAME)";
				REGISTER_APP_GROUPS = YES;
				SDKROOT = auto;
				STRING_CATALOG_GENERATE_SYMBOLS = YES;
				SUPPORTED_PLATFORMS = "iphoneos iphonesimulator";
				SWIFT_APPROACHABLE_CONCURRENCY = YES;
				SWIFT_DEFAULT_ACTOR_ISOLATION = MainActor;
				SWIFT_EMIT_LOC_STRINGS = YES;
				SWIFT_UPCOMING_FEATURE_MEMBER_IMPORT_VISIBILITY = YES;
				SWIFT_VERSION = 5.0;
				TARGETED_DEVICE_FAMILY = "1,2";
				XROS_DEPLOYMENT_TARGET = 1.0;
			};
			name = Release;
		};
		CECDA0042F2C0DFD00D29722 /* Debug */ = {
			isa = XCBuildConfiguration;
			buildSettings = {
				BUNDLE_LOADER = "$(TEST_HOST)";
				CODE_SIGN_STYLE = Automatic;
				CURRENT_PROJECT_VERSION = 1;
				DEVELOPMENT_TEAM = 29JU3556U2;
				GENERATE_INFOPLIST_FILE = YES;
				IPHONEOS_DEPLOYMENT_TARGET = 17.0;
				MACOSX_DEPLOYMENT_TARGET = 13.0;
				MARKETING_VERSION = 1.0;
				PRODUCT_BUNDLE_IDENTIFIER = com.ap.AWSCognitoTests;
				PRODUCT_NAME = "$(TARGET_NAME)";
				SDKROOT = auto;
				STRING_CATALOG_GENERATE_SYMBOLS = NO;
				SUPPORTED_PLATFORMS = "iphoneos iphonesimulator";
				SWIFT_APPROACHABLE_CONCURRENCY = YES;
				SWIFT_EMIT_LOC_STRINGS = NO;
				SWIFT_UPCOMING_FEATURE_MEMBER_IMPORT_VISIBILITY = YES;
				SWIFT_VERSION = 5.0;
				TARGETED_DEVICE_FAMILY = "1,2";
				TEST_HOST = "$(BUILT_PRODUCTS_DIR)/AWSCognito.app/$(BUNDLE_EXECUTABLE_FOLDER_PATH)/AWSCognito";
				XROS_DEPLOYMENT_TARGET = 1.0;
			};
			name = Debug;
		};
		CECDA0052F2C0DFD00D29722 /* Release */ = {
			isa = XCBuildConfiguration;
			buildSettings = {
				BUNDLE_LOADER = "$(TEST_HOST)";
				CODE_SIGN_STYLE = Automatic;
				CURRENT_PROJECT_VERSION = 1;
				DEVELOPMENT_TEAM = 29JU3556U2;
				GENERATE_INFOPLIST_FILE = YES;
				IPHONEOS_DEPLOYMENT_TARGET = 17.0;
				MACOSX_DEPLOYMENT_TARGET = 13.0;
				MARKETING_VERSION = 1.0;
				PRODUCT_BUNDLE_IDENTIFIER = com.ap.AWSCognitoTests;
				PRODUCT_NAME = "$(TARGET_NAME)";
				SDKROOT = auto;
				STRING_CATALOG_GENERATE_SYMBOLS = NO;
				SUPPORTED_PLATFORMS = "iphoneos iphonesimulator";
				SWIFT_APPROACHABLE_CONCURRENCY = YES;
				SWIFT_EMIT_LOC_STRINGS = NO;
				SWIFT_UPCOMING_FEATURE_MEMBER_IMPORT_VISIBILITY = YES;
				SWIFT_VERSION = 5.0;
				TARGETED_DEVICE_FAMILY = "1,2";
				TEST_HOST = "$(BUILT_PRODUCTS_DIR)/AWSCognito.app/$(BUNDLE_EXECUTABLE_FOLDER_PATH)/AWSCognito";
				XROS_DEPLOYMENT_TARGET = 1.0;
			};
			name = Release;
		};
		CECDA0072F2C0DFD00D29722 /* Debug */ = {
			isa = XCBuildConfiguration;
			buildSettings = {
				CODE_SIGN_STYLE = Automatic;
				CURRENT_PROJECT_VERSION = 1;
				DEVELOPMENT_TEAM = 29JU3556U2;
				GENERATE_INFOPLIST_FILE = YES;
				IPHONEOS_DEPLOYMENT_TARGET = 17.0;
				MACOSX_DEPLOYMENT_TARGET = 13.0;
				MARKETING_VERSION = 1.0;
				PRODUCT_BUNDLE_IDENTIFIER = com.ap.AWSCognitoUITests;
				PRODUCT_NAME = "$(TARGET_NAME)";
				SDKROOT = auto;
				STRING_CATALOG_GENERATE_SYMBOLS = NO;
				SUPPORTED_PLATFORMS = "iphoneos iphonesimulator";
				SWIFT_APPROACHABLE_CONCURRENCY = YES;
				SWIFT_EMIT_LOC_STRINGS = NO;
				SWIFT_UPCOMING_FEATURE_MEMBER_IMPORT_VISIBILITY = YES;
				SWIFT_VERSION = 5.0;
				TARGETED_DEVICE_FAMILY = "1,2";
				TEST_TARGET_NAME = AWSCognito;
				XROS_DEPLOYMENT_TARGET = 1.0;
			};
			name = Debug;
		};
		CECDA0082F2C0DFD00D29722 /* Release */ = {
			isa = XCBuildConfiguration;
			buildSettings = {
				CODE_SIGN_STYLE = Automatic;
				CURRENT_PROJECT_VERSION = 1;
				DEVELOPMENT_TEAM = 29JU3556U2;
				GENERATE_INFOPLIST_FILE = YES;
				IPHONEOS_DEPLOYMENT_TARGET = 17.0;
				MACOSX_DEPLOYMENT_TARGET = 13.0;
				MARKETING_VERSION = 1.0;
				PRODUCT_BUNDLE_IDENTIFIER = com.ap.AWSCognitoUITests;
				PRODUCT_NAME = "$(TARGET_NAME)";
				SDKROOT = auto;
				STRING_CATALOG_GENERATE_SYMBOLS = NO;
				SUPPORTED_PLATFORMS = "iphoneos iphonesimulator";
				SWIFT_APPROACHABLE_CONCURRENCY = YES;
				SWIFT_EMIT_LOC_STRINGS = NO;
				SWIFT_UPCOMING_FEATURE_MEMBER_IMPORT_VISIBILITY = YES;
				SWIFT_VERSION = 5.0;
				TARGETED_DEVICE_FAMILY = "1,2";
				TEST_TARGET_NAME = AWSCognito;
				XROS_DEPLOYMENT_TARGET = 1.0;
			};
			name = Release;
		};
/* End XCBuildConfiguration section */

/* Begin XCConfigurationList section */
		CECD9FDA2F2C0DFC00D29722 /* Build configuration list for PBXProject "AWSCognito" */ = {
			isa = XCConfigurationList;
			buildConfigurations = (
				CECD9FFE2F2C0DFD00D29722 /* Debug */,
				CECD9FFF2F2C0DFD00D29722 /* Release */,
			);
			defaultConfigurationIsVisible = 0;
			defaultConfigurationName = Release;
		};
		CECDA0002F2C0DFD00D29722 /* Build configuration list for PBXNativeTarget "AWSCognito" */ = {
			isa = XCConfigurationList;
			buildConfigurations = (
				CECDA0012F2C0DFD00D29722 /* Debug */,
				CECDA0022F2C0DFD00D29722 /* Release */,
			);
			defaultConfigurationIsVisible = 0;
			defaultConfigurationName = Release;
		};
		CECDA0032F2C0DFD00D29722 /* Build configuration list for PBXNativeTarget "AWSCognitoTests" */ = {
			isa = XCConfigurationList;
			buildConfigurations = (
				CECDA0042F2C0DFD00D29722 /* Debug */,
				CECDA0052F2C0DFD00D29722 /* Release */,
			);
			defaultConfigurationIsVisible = 0;
			defaultConfigurationName = Release;
		};
		CECDA0062F2C0DFD00D29722 /* Build configuration list for PBXNativeTarget "AWSCognitoUITests" */ = {
			isa = XCConfigurationList;
			buildConfigurations = (
				CECDA0072F2C0DFD00D29722 /* Debug */,
				CECDA0082F2C0DFD00D29722 /* Release */,
			);
			defaultConfigurationIsVisible = 0;
			defaultConfigurationName = Release;
		};
/* End XCConfigurationList section */

/* Begin XCRemoteSwiftPackageReference section */
		CE3A90FF2F3E0001006169CA /* XCRemoteSwiftPackageReference "GoogleSignIn-iOS" */ = {
			isa = XCRemoteSwiftPackageReference;
			repositoryURL = "https://github.com/google/GoogleSignIn-iOS.git";
			requirement = {
				kind = upToNextMajorVersion;
				minimumVersion = 8.0.0;
			};
		};
		CEC577232F38D23E006169CA /* XCRemoteSwiftPackageReference "Swinject" */ = {
			isa = XCRemoteSwiftPackageReference;
			repositoryURL = "https://github.com/Swinject/Swinject.git";
			requirement = {
				kind = upToNextMajorVersion;
				minimumVersion = 2.10.0;
			};
		};
		CECD9F0A2F2C100000D29722 /* XCRemoteSwiftPackageReference "amplify-swift" */ = {
			isa = XCRemoteSwiftPackageReference;
			repositoryURL = "https://github.com/aws-amplify/amplify-swift";
			requirement = {
				kind = upToNextMajorVersion;
				minimumVersion = 2.0.0;
			};
		};
/* End XCRemoteSwiftPackageReference section */

/* Begin XCSwiftPackageProductDependency section */
		CE3A91002F3E0001006169CA /* GoogleSignIn */ = {
			isa = XCSwiftPackageProductDependency;
			package = CE3A90FF2F3E0001006169CA /* XCRemoteSwiftPackageReference "GoogleSignIn-iOS" */;
			productName = GoogleSignIn;
		};
		CEC577242F38D23E006169CA /* Swinject */ = {
			isa = XCSwiftPackageProductDependency;
			package = CEC577232F38D23E006169CA /* XCRemoteSwiftPackageReference "Swinject" */;
			productName = Swinject;
		};
		CECD9F0B2F2C100000D29722 /* Amplify */ = {
			isa = XCSwiftPackageProductDependency;
			package = CECD9F0A2F2C100000D29722 /* XCRemoteSwiftPackageReference "amplify-swift" */;
			productName = Amplify;
		};
		CECD9F0C2F2C100000D29722 /* AWSCognitoAuthPlugin */ = {
			isa = XCSwiftPackageProductDependency;
			package = CECD9F0A2F2C100000D29722 /* XCRemoteSwiftPackageReference "amplify-swift" */;
			productName = AWSCognitoAuthPlugin;
		};
/* End XCSwiftPackageProductDependency section */
	};
	rootObject = CECD9FD72F2C0DFC00D29722 /* Project object */;
}
